// !$*UTF8*$!
{
	archiveVersion = 1;
	classes = {
	};
	objectVersion = 50;
	objects = {

/* Begin PBXBuildFile section */
		080B812920BAEE3F00F38A71 /* AppDelegate.swift in Sources */ = {isa = PBXBuildFile; fileRef = 080B812820BAEE3F00F38A71 /* AppDelegate.swift */; };
		080B812B20BAEE3F00F38A71 /* HomeViewController.swift in Sources */ = {isa = PBXBuildFile; fileRef = 080B812A20BAEE3F00F38A71 /* HomeViewController.swift */; };
		080B812E20BAEE3F00F38A71 /* Main.storyboard in Resources */ = {isa = PBXBuildFile; fileRef = 080B812C20BAEE3F00F38A71 /* Main.storyboard */; };
		080B813020BAEE4100F38A71 /* Assets.xcassets in Resources */ = {isa = PBXBuildFile; fileRef = 080B812F20BAEE4100F38A71 /* Assets.xcassets */; };
		080B813320BAEE4100F38A71 /* LaunchScreen.storyboard in Resources */ = {isa = PBXBuildFile; fileRef = 080B813120BAEE4100F38A71 /* LaunchScreen.storyboard */; };
		080B813D20BB12B400F38A71 /* BlockedIngredientsTableViewController.swift in Sources */ = {isa = PBXBuildFile; fileRef = 080B813C20BB12B400F38A71 /* BlockedIngredientsTableViewController.swift */; };
		08200AF820BECF40004C22E5 /* Product.swift in Sources */ = {isa = PBXBuildFile; fileRef = 08200AF720BECF40004C22E5 /* Product.swift */; };
		082AB2E820BB27D500F7349E /* BlockedIngredients.swift in Sources */ = {isa = PBXBuildFile; fileRef = 082AB2E720BB27D500F7349E /* BlockedIngredients.swift */; };
		0836E13B20BDD3970084266C /* ProductInfoViewController.swift in Sources */ = {isa = PBXBuildFile; fileRef = 0836E13A20BDD3970084266C /* ProductInfoViewController.swift */; };
		0836E13D20BDD82F0084266C /* BarcodeReaderViewController.swift in Sources */ = {isa = PBXBuildFile; fileRef = 0836E13C20BDD82F0084266C /* BarcodeReaderViewController.swift */; };
		47F9E3B8EEBC47AA905B073C /* Pods_CanWeEat.framework in Frameworks */ = {isa = PBXBuildFile; fileRef = EDE97897E1C8877FA3349EA0 /* Pods_CanWeEat.framework */; };
/* End PBXBuildFile section */

/* Begin PBXFileReference section */
		080B812520BAEE3F00F38A71 /* CanWeEat.app */ = {isa = PBXFileReference; explicitFileType = wrapper.application; includeInIndex = 0; path = CanWeEat.app; sourceTree = BUILT_PRODUCTS_DIR; };
		080B812820BAEE3F00F38A71 /* AppDelegate.swift */ = {isa = PBXFileReference; lastKnownFileType = sourcecode.swift; path = AppDelegate.swift; sourceTree = "<group>"; };
		080B812A20BAEE3F00F38A71 /* HomeViewController.swift */ = {isa = PBXFileReference; lastKnownFileType = sourcecode.swift; path = HomeViewController.swift; sourceTree = "<group>"; };
		080B812D20BAEE3F00F38A71 /* Base */ = {isa = PBXFileReference; lastKnownFileType = file.storyboard; name = Base; path = Base.lproj/Main.storyboard; sourceTree = "<group>"; };
		080B812F20BAEE4100F38A71 /* Assets.xcassets */ = {isa = PBXFileReference; lastKnownFileType = folder.assetcatalog; path = Assets.xcassets; sourceTree = "<group>"; };
		080B813220BAEE4100F38A71 /* Base */ = {isa = PBXFileReference; lastKnownFileType = file.storyboard; name = Base; path = Base.lproj/LaunchScreen.storyboard; sourceTree = "<group>"; };
		080B813420BAEE4100F38A71 /* Info.plist */ = {isa = PBXFileReference; lastKnownFileType = text.plist.xml; path = Info.plist; sourceTree = "<group>"; };
		080B813C20BB12B400F38A71 /* BlockedIngredientsTableViewController.swift */ = {isa = PBXFileReference; lastKnownFileType = sourcecode.swift; path = BlockedIngredientsTableViewController.swift; sourceTree = "<group>"; };
		08200AF720BECF40004C22E5 /* Product.swift */ = {isa = PBXFileReference; lastKnownFileType = sourcecode.swift; path = Product.swift; sourceTree = "<group>"; };
		082AB2E720BB27D500F7349E /* BlockedIngredients.swift */ = {isa = PBXFileReference; lastKnownFileType = sourcecode.swift; path = BlockedIngredients.swift; sourceTree = "<group>"; };
		0836E13A20BDD3970084266C /* ProductInfoViewController.swift */ = {isa = PBXFileReference; lastKnownFileType = sourcecode.swift; path = ProductInfoViewController.swift; sourceTree = "<group>"; };
		0836E13C20BDD82F0084266C /* BarcodeReaderViewController.swift */ = {isa = PBXFileReference; lastKnownFileType = sourcecode.swift; path = BarcodeReaderViewController.swift; sourceTree = "<group>"; };
		102E5DA2D905286E990226B5 /* Pods-CanWeEat.release.xcconfig */ = {isa = PBXFileReference; includeInIndex = 1; lastKnownFileType = text.xcconfig; name = "Pods-CanWeEat.release.xcconfig"; path = "Pods/Target Support Files/Pods-CanWeEat/Pods-CanWeEat.release.xcconfig"; sourceTree = "<group>"; };
		CE903EFE03FBD5929D18E301 /* Pods-CanWeEat.debug.xcconfig */ = {isa = PBXFileReference; includeInIndex = 1; lastKnownFileType = text.xcconfig; name = "Pods-CanWeEat.debug.xcconfig"; path = "Pods/Target Support Files/Pods-CanWeEat/Pods-CanWeEat.debug.xcconfig"; sourceTree = "<group>"; };
		EDE97897E1C8877FA3349EA0 /* Pods_CanWeEat.framework */ = {isa = PBXFileReference; explicitFileType = wrapper.framework; includeInIndex = 0; path = Pods_CanWeEat.framework; sourceTree = BUILT_PRODUCTS_DIR; };
/* End PBXFileReference section */

/* Begin PBXFrameworksBuildPhase section */
		080B812220BAEE3F00F38A71 /* Frameworks */ = {
			isa = PBXFrameworksBuildPhase;
			buildActionMask = 2147483647;
			files = (
				47F9E3B8EEBC47AA905B073C /* Pods_CanWeEat.framework in Frameworks */,
			);
			runOnlyForDeploymentPostprocessing = 0;
		};
/* End PBXFrameworksBuildPhase section */

/* Begin PBXGroup section */
		080B811C20BAEE3F00F38A71 = {
			isa = PBXGroup;
			children = (
				080B812720BAEE3F00F38A71 /* CanWeEat */,
				080B812620BAEE3F00F38A71 /* Products */,
				5E41D344203959B1C37EB770 /* Pods */,
				ECF128D27410B58EA9B5CCF5 /* Frameworks */,
			);
			sourceTree = "<group>";
		};
		080B812620BAEE3F00F38A71 /* Products */ = {
			isa = PBXGroup;
			children = (
				080B812520BAEE3F00F38A71 /* CanWeEat.app */,
			);
			name = Products;
			sourceTree = "<group>";
		};
		080B812720BAEE3F00F38A71 /* CanWeEat */ = {
			isa = PBXGroup;
			children = (
				080B812820BAEE3F00F38A71 /* AppDelegate.swift */,
				082AB2E920BB27DC00F7349E /* Model */,
				082AB2EA20BB27E900F7349E /* Controller */,
				082AB2EC20BB284400F7349E /* View */,
				082AB2EB20BB283500F7349E /* Supporting Files */,
				080B813420BAEE4100F38A71 /* Info.plist */,
			);
			path = CanWeEat;
			sourceTree = "<group>";
		};
		082AB2E920BB27DC00F7349E /* Model */ = {
			isa = PBXGroup;
			children = (
				082AB2E720BB27D500F7349E /* BlockedIngredients.swift */,
				08200AF720BECF40004C22E5 /* Product.swift */,
			);
			path = Model;
			sourceTree = "<group>";
		};
		082AB2EA20BB27E900F7349E /* Controller */ = {
			isa = PBXGroup;
			children = (
				080B812A20BAEE3F00F38A71 /* HomeViewController.swift */,
				080B813C20BB12B400F38A71 /* BlockedIngredientsTableViewController.swift */,
				0836E13A20BDD3970084266C /* ProductInfoViewController.swift */,
				0836E13C20BDD82F0084266C /* BarcodeReaderViewController.swift */,
			);
			path = Controller;
			sourceTree = "<group>";
		};
		082AB2EB20BB283500F7349E /* Supporting Files */ = {
			isa = PBXGroup;
			children = (
				080B812F20BAEE4100F38A71 /* Assets.xcassets */,
				080B813120BAEE4100F38A71 /* LaunchScreen.storyboard */,
			);
			path = "Supporting Files";
			sourceTree = "<group>";
		};
		082AB2EC20BB284400F7349E /* View */ = {
			isa = PBXGroup;
			children = (
				080B812C20BAEE3F00F38A71 /* Main.storyboard */,
			);
			path = View;
			sourceTree = "<group>";
		};
		5E41D344203959B1C37EB770 /* Pods */ = {
			isa = PBXGroup;
			children = (
				CE903EFE03FBD5929D18E301 /* Pods-CanWeEat.debug.xcconfig */,
				102E5DA2D905286E990226B5 /* Pods-CanWeEat.release.xcconfig */,
			);
			name = Pods;
			sourceTree = "<group>";
		};
		ECF128D27410B58EA9B5CCF5 /* Frameworks */ = {
			isa = PBXGroup;
			children = (
				EDE97897E1C8877FA3349EA0 /* Pods_CanWeEat.framework */,
			);
			name = Frameworks;
			sourceTree = "<group>";
		};
/* End PBXGroup section */

/* Begin PBXNativeTarget section */
		080B812420BAEE3F00F38A71 /* CanWeEat */ = {
			isa = PBXNativeTarget;
			buildConfigurationList = 080B813720BAEE4100F38A71 /* Build configuration list for PBXNativeTarget "CanWeEat" */;
			buildPhases = (
				1D334AD7DF4E46A5D649971B /* [CP] Check Pods Manifest.lock */,
				080B812120BAEE3F00F38A71 /* Sources */,
				080B812220BAEE3F00F38A71 /* Frameworks */,
				080B812320BAEE3F00F38A71 /* Resources */,
				C29894389D93F845B020E680 /* [CP] Embed Pods Frameworks */,
			);
			buildRules = (
			);
			dependencies = (
			);
			name = CanWeEat;
			productName = CanWeEat;
			productReference = 080B812520BAEE3F00F38A71 /* CanWeEat.app */;
			productType = "com.apple.product-type.application";
		};
/* End PBXNativeTarget section */

/* Begin PBXProject section */
		080B811D20BAEE3F00F38A71 /* Project object */ = {
			isa = PBXProject;
			attributes = {
				LastSwiftUpdateCheck = 0930;
				LastUpgradeCheck = 0930;
				ORGANIZATIONNAME = "Mario Muhammad";
				TargetAttributes = {
					080B812420BAEE3F00F38A71 = {
						CreatedOnToolsVersion = 9.3.1;
					};
				};
			};
			buildConfigurationList = 080B812020BAEE3F00F38A71 /* Build configuration list for PBXProject "CanWeEat" */;
			compatibilityVersion = "Xcode 9.3";
			developmentRegion = en;
			hasScannedForEncodings = 0;
			knownRegions = (
				en,
				Base,
			);
			mainGroup = 080B811C20BAEE3F00F38A71;
			productRefGroup = 080B812620BAEE3F00F38A71 /* Products */;
			projectDirPath = "";
			projectRoot = "";
			targets = (
				080B812420BAEE3F00F38A71 /* CanWeEat */,
			);
		};
/* End PBXProject section */

/* Begin PBXResourcesBuildPhase section */
		080B812320BAEE3F00F38A71 /* Resources */ = {
			isa = PBXResourcesBuildPhase;
			buildActionMask = 2147483647;
			files = (
				080B813320BAEE4100F38A71 /* LaunchScreen.storyboard in Resources */,
				080B813020BAEE4100F38A71 /* Assets.xcassets in Resources */,
				080B812E20BAEE3F00F38A71 /* Main.storyboard in Resources */,
			);
			runOnlyForDeploymentPostprocessing = 0;
		};
/* End PBXResourcesBuildPhase section */

/* Begin PBXShellScriptBuildPhase section */
		1D334AD7DF4E46A5D649971B /* [CP] Check Pods Manifest.lock */ = {
			isa = PBXShellScriptBuildPhase;
			buildActionMask = 2147483647;
			files = (
			);
			inputPaths = (
				"${PODS_PODFILE_DIR_PATH}/Podfile.lock",
				"${PODS_ROOT}/Manifest.lock",
			);
			name = "[CP] Check Pods Manifest.lock";
			outputPaths = (
				"$(DERIVED_FILE_DIR)/Pods-CanWeEat-checkManifestLockResult.txt",
			);
			runOnlyForDeploymentPostprocessing = 0;
			shellPath = /bin/sh;
			shellScript = "diff \"${PODS_PODFILE_DIR_PATH}/Podfile.lock\" \"${PODS_ROOT}/Manifest.lock\" > /dev/null\nif [ $? != 0 ] ; then\n    # print error to STDERR\n    echo \"error: The sandbox is not in sync with the Podfile.lock. Run 'pod install' or update your CocoaPods installation.\" >&2\n    exit 1\nfi\n# This output is used by Xcode 'outputs' to avoid re-running this script phase.\necho \"SUCCESS\" > \"${SCRIPT_OUTPUT_FILE_0}\"\n";
			showEnvVarsInLog = 0;
		};
		C29894389D93F845B020E680 /* [CP] Embed Pods Frameworks */ = {
			isa = PBXShellScriptBuildPhase;
			buildActionMask = 2147483647;
			files = (
			);
			inputPaths = (
				"${SRCROOT}/Pods/Target Support Files/Pods-CanWeEat/Pods-CanWeEat-frameworks.sh",
				"${BUILT_PRODUCTS_DIR}/Alamofire/Alamofire.framework",
				"${BUILT_PRODUCTS_DIR}/ChameleonFramework/ChameleonFramework.framework",
				"${BUILT_PRODUCTS_DIR}/SVProgressHUD/SVProgressHUD.framework",
				"${BUILT_PRODUCTS_DIR}/SwiftyJSON/SwiftyJSON.framework",
			);
			name = "[CP] Embed Pods Frameworks";
			outputPaths = (
				"${TARGET_BUILD_DIR}/${FRAMEWORKS_FOLDER_PATH}/Alamofire.framework",
				"${TARGET_BUILD_DIR}/${FRAMEWORKS_FOLDER_PATH}/ChameleonFramework.framework",
				"${TARGET_BUILD_DIR}/${FRAMEWORKS_FOLDER_PATH}/SVProgressHUD.framework",
				"${TARGET_BUILD_DIR}/${FRAMEWORKS_FOLDER_PATH}/SwiftyJSON.framework",
			);
			runOnlyForDeploymentPostprocessing = 0;
			shellPath = /bin/sh;
			shellScript = "\"${SRCROOT}/Pods/Target Support Files/Pods-CanWeEat/Pods-CanWeEat-frameworks.sh\"\n";
			showEnvVarsInLog = 0;
		};
/* End PBXShellScriptBuildPhase section */

/* Begin PBXSourcesBuildPhase section */
		080B812120BAEE3F00F38A71 /* Sources */ = {
			isa = PBXSourcesBuildPhase;
			buildActionMask = 2147483647;
			files = (
				080B812B20BAEE3F00F38A71 /* HomeViewController.swift in Sources */,
				082AB2E820BB27D500F7349E /* BlockedIngredients.swift in Sources */,
				0836E13D20BDD82F0084266C /* BarcodeReaderViewController.swift in Sources */,
				080B812920BAEE3F00F38A71 /* AppDelegate.swift in Sources */,
				0836E13B20BDD3970084266C /* ProductInfoViewController.swift in Sources */,
				080B813D20BB12B400F38A71 /* BlockedIngredientsTableViewController.swift in Sources */,
				08200AF820BECF40004C22E5 /* Product.swift in Sources */,
			);
			runOnlyForDeploymentPostprocessing = 0;
		};
/* End PBXSourcesBuildPhase section */

/* Begin PBXVariantGroup section */
		080B812C20BAEE3F00F38A71 /* Main.storyboard */ = {
			isa = PBXVariantGroup;
			children = (
				080B812D20BAEE3F00F38A71 /* Base */,
			);
			name = Main.storyboard;
			sourceTree = "<group>";
		};
		080B813120BAEE4100F38A71 /* LaunchScreen.storyboard */ = {
			isa = PBXVariantGroup;
			children = (
				080B813220BAEE4100F38A71 /* Base */,
			);
			name = LaunchScreen.storyboard;
			sourceTree = "<group>";
		};
/* End PBXVariantGroup section */

/* Begin XCBuildConfiguration section */
		080B813520BAEE4100F38A71 /* Debug */ = {
			isa = XCBuildConfiguration;
			buildSettings = {
				ALWAYS_SEARCH_USER_PATHS = NO;
				CLANG_ANALYZER_NONNULL = YES;
				CLANG_ANALYZER_NUMBER_OBJECT_CONVERSION = YES_AGGRESSIVE;
				CLANG_CXX_LANGUAGE_STANDARD = "gnu++14";
				CLANG_CXX_LIBRARY = "libc++";
				CLANG_ENABLE_MODULES = YES;
				CLANG_ENABLE_OBJC_ARC = YES;
				CLANG_ENABLE_OBJC_WEAK = YES;
				CLANG_WARN_BLOCK_CAPTURE_AUTORELEASING = YES;
				CLANG_WARN_BOOL_CONVERSION = YES;
				CLANG_WARN_COMMA = YES;
				CLANG_WARN_CONSTANT_CONVERSION = YES;
				CLANG_WARN_DEPRECATED_OBJC_IMPLEMENTATIONS = YES;
				CLANG_WARN_DIRECT_OBJC_ISA_USAGE = YES_ERROR;
				CLANG_WARN_DOCUMENTATION_COMMENTS = YES;
				CLANG_WARN_EMPTY_BODY = YES;
				CLANG_WARN_ENUM_CONVERSION = YES;
				CLANG_WARN_INFINITE_RECURSION = YES;
				CLANG_WARN_INT_CONVERSION = YES;
				CLANG_WARN_NON_LITERAL_NULL_CONVERSION = YES;
				CLANG_WARN_OBJC_IMPLICIT_RETAIN_SELF = YES;
				CLANG_WARN_OBJC_LITERAL_CONVERSION = YES;
				CLANG_WARN_OBJC_ROOT_CLASS = YES_ERROR;
				CLANG_WARN_RANGE_LOOP_ANALYSIS = YES;
				CLANG_WARN_STRICT_PROTOTYPES = YES;
				CLANG_WARN_SUSPICIOUS_MOVE = YES;
				CLANG_WARN_UNGUARDED_AVAILABILITY = YES_AGGRESSIVE;
				CLANG_WARN_UNREACHABLE_CODE = YES;
				CLANG_WARN__DUPLICATE_METHOD_MATCH = YES;
				CODE_SIGN_IDENTITY = "iPhone Developer";
				COPY_PHASE_STRIP = NO;
				DEBUG_INFORMATION_FORMAT = dwarf;
				ENABLE_STRICT_OBJC_MSGSEND = YES;
				ENABLE_TESTABILITY = YES;
				GCC_C_LANGUAGE_STANDARD = gnu11;
				GCC_DYNAMIC_NO_PIC = NO;
				GCC_NO_COMMON_BLOCKS = YES;
				GCC_OPTIMIZATION_LEVEL = 0;
				GCC_PREPROCESSOR_DEFINITIONS = (
					"DEBUG=1",
					"$(inherited)",
				);
				GCC_WARN_64_TO_32_BIT_CONVERSION = YES;
				GCC_WARN_ABOUT_RETURN_TYPE = YES_ERROR;
				GCC_WARN_UNDECLARED_SELECTOR = YES;
				GCC_WARN_UNINITIALIZED_AUTOS = YES_AGGRESSIVE;
				GCC_WARN_UNUSED_FUNCTION = YES;
				GCC_WARN_UNUSED_VARIABLE = YES;
				IPHONEOS_DEPLOYMENT_TARGET = 11.3;
				MTL_ENABLE_DEBUG_INFO = YES;
				ONLY_ACTIVE_ARCH = YES;
				SDKROOT = iphoneos;
				SWIFT_ACTIVE_COMPILATION_CONDITIONS = DEBUG;
				SWIFT_OPTIMIZATION_LEVEL = "-Onone";
			};
			name = Debug;
		};
		080B813620BAEE4100F38A71 /* Release */ = {
			isa = XCBuildConfiguration;
			buildSettings = {
				ALWAYS_SEARCH_USER_PATHS = NO;
				CLANG_ANALYZER_NONNULL = YES;
				CLANG_ANALYZER_NUMBER_OBJECT_CONVERSION = YES_AGGRESSIVE;
				CLANG_CXX_LANGUAGE_STANDARD = "gnu++14";
				CLANG_CXX_LIBRARY = "libc++";
				CLANG_ENABLE_MODULES = YES;
				CLANG_ENABLE_OBJC_ARC = YES;
				CLANG_ENABLE_OBJC_WEAK = YES;
				CLANG_WARN_BLOCK_CAPTURE_AUTORELEASING = YES;
				CLANG_WARN_BOOL_CONVERSION = YES;
				CLANG_WARN_COMMA = YES;
				CLANG_WARN_CONSTANT_CONVERSION = YES;
				CLANG_WARN_DEPRECATED_OBJC_IMPLEMENTATIONS = YES;
				CLANG_WARN_DIRECT_OBJC_ISA_USAGE = YES_ERROR;
				CLANG_WARN_DOCUMENTATION_COMMENTS = YES;
				CLANG_WARN_EMPTY_BODY = YES;
				CLANG_WARN_ENUM_CONVERSION = YES;
				CLANG_WARN_INFINITE_RECURSION = YES;
				CLANG_WARN_INT_CONVERSION = YES;
				CLANG_WARN_NON_LITERAL_NULL_CONVERSION = YES;
				CLANG_WARN_OBJC_IMPLICIT_RETAIN_SELF = YES;
				CLANG_WARN_OBJC_LITERAL_CONVERSION = YES;
				CLANG_WARN_OBJC_ROOT_CLASS = YES_ERROR;
				CLANG_WARN_RANGE_LOOP_ANALYSIS = YES;
				CLANG_WARN_STRICT_PROTOTYPES = YES;
				CLANG_WARN_SUSPICIOUS_MOVE = YES;
				CLANG_WARN_UNGUARDED_AVAILABILITY = YES_AGGRESSIVE;
				CLANG_WARN_UNREACHABLE_CODE = YES;
				CLANG_WARN__DUPLICATE_METHOD_MATCH = YES;
				CODE_SIGN_IDENTITY = "iPhone Developer";
				COPY_PHASE_STRIP = NO;
				DEBUG_INFORMATION_FORMAT = "dwarf-with-dsym";
				ENABLE_NS_ASSERTIONS = NO;
				ENABLE_STRICT_OBJC_MSGSEND = YES;
				GCC_C_LANGUAGE_STANDARD = gnu11;
				GCC_NO_COMMON_BLOCKS = YES;
				GCC_WARN_64_TO_32_BIT_CONVERSION = YES;
				GCC_WARN_ABOUT_RETURN_TYPE = YES_ERROR;
				GCC_WARN_UNDECLARED_SELECTOR = YES;
				GCC_WARN_UNINITIALIZED_AUTOS = YES_AGGRESSIVE;
				GCC_WARN_UNUSED_FUNCTION = YES;
				GCC_WARN_UNUSED_VARIABLE = YES;
				IPHONEOS_DEPLOYMENT_TARGET = 11.3;
				MTL_ENABLE_DEBUG_INFO = NO;
				SDKROOT = iphoneos;
				SWIFT_COMPILATION_MODE = wholemodule;
				SWIFT_OPTIMIZATION_LEVEL = "-O";
				VALIDATE_PRODUCT = YES;
			};
			name = Release;
		};
		080B813820BAEE4100F38A71 /* Debug */ = {
			isa = XCBuildConfiguration;
			baseConfigurationReference = CE903EFE03FBD5929D18E301 /* Pods-CanWeEat.debug.xcconfig */;
			buildSettings = {
				ASSETCATALOG_COMPILER_APPICON_NAME = AppIcon;
				CODE_SIGN_STYLE = Automatic;
				DEVELOPMENT_TEAM = 9ZDFPF5YK4;
				INFOPLIST_FILE = CanWeEat/Info.plist;
				LD_RUNPATH_SEARCH_PATHS = (
					"$(inherited)",
					"@executable_path/Frameworks",
				);
				PRODUCT_BUNDLE_IDENTIFIER = io.mar.CanWeEat;
				PRODUCT_NAME = "$(TARGET_NAME)";
				SWIFT_VERSION = 4.0;
				TARGETED_DEVICE_FAMILY = 1;
			};
			name = Debug;
		};
		080B813920BAEE4100F38A71 /* Release */ = {
			isa = XCBuildConfiguration;
			baseConfigurationReference = 102E5DA2D905286E990226B5 /* Pods-CanWeEat.release.xcconfig */;
			buildSettings = {
				ASSETCATALOG_COMPILER_APPICON_NAME = AppIcon;
				CODE_SIGN_STYLE = Automatic;
				DEVELOPMENT_TEAM = 9ZDFPF5YK4;
				INFOPLIST_FILE = CanWeEat/Info.plist;
				LD_RUNPATH_SEARCH_PATHS = (
					"$(inherited)",
					"@executable_path/Frameworks",
				);
				PRODUCT_BUNDLE_IDENTIFIER = io.mar.CanWeEat;
				PRODUCT_NAME = "$(TARGET_NAME)";
				SWIFT_VERSION = 4.0;
				TARGETED_DEVICE_FAMILY = 1;
			};
			name = Release;
		};
/* End XCBuildConfiguration section */

/* Begin XCConfigurationList section */
		080B812020BAEE3F00F38A71 /* Build configuration list for PBXProject "CanWeEat" */ = {
			isa = XCConfigurationList;
			buildConfigurations = (
				080B813520BAEE4100F38A71 /* Debug */,
				080B813620BAEE4100F38A71 /* Release */,
			);
			defaultConfigurationIsVisible = 0;
			defaultConfigurationName = Release;
		};
		080B813720BAEE4100F38A71 /* Build configuration list for PBXNativeTarget "CanWeEat" */ = {
			isa = XCConfigurationList;
			buildConfigurations = (
				080B813820BAEE4100F38A71 /* Debug */,
				080B813920BAEE4100F38A71 /* Release */,
			);
			defaultConfigurationIsVisible = 0;
			defaultConfigurationName = Release;
		};
/* End XCConfigurationList section */
	};
	rootObject = 080B811D20BAEE3F00F38A71 /* Project object */;
}
